// !$*UTF8*$!
{
	archiveVersion = 1;
	classes = {
	};
	objectVersion = 48;
	objects = {

/* Begin PBXBuildFile section */
		4EF03940204AE2A200DB0097 /* MethodTraceConfig.plist in Resources */ = {isa = PBXBuildFile; fileRef = 4EF0393F204AE2A200DB0097 /* MethodTraceConfig.plist */; };
		4EF03943204AE2A200DB0097 /* put ipa or app here in Resources */ = {isa = PBXBuildFile; fileRef = 4EF03942204AE2A200DB0097 /* put ipa or app here */; };
		4EF0394B204AE2A200DB0097 /* libWeChat_TimeLine_Location_HookDylib.dylib in CopyFiles */ = {isa = PBXBuildFile; fileRef = 4EF0394A204AE2A200DB0097 /* libWeChat_TimeLine_Location_HookDylib.dylib */; settings = {ATTRIBUTES = (CodeSignOnCopy, ); }; };
		4EF03950204AE2A200DB0097 /* JavaScriptCore.framework in Frameworks */ = {isa = PBXBuildFile; fileRef = 4EF0394F204AE2A200DB0097 /* JavaScriptCore.framework */; };
		4EF03952204AE2A200DB0097 /* Foundation.framework in Frameworks */ = {isa = PBXBuildFile; fileRef = 4EF03951204AE2A200DB0097 /* Foundation.framework */; };
		4EF03954204AE2A200DB0097 /* UIKit.framework in Frameworks */ = {isa = PBXBuildFile; fileRef = 4EF03953204AE2A200DB0097 /* UIKit.framework */; };
		4EF03958204AE2A200DB0097 /* ANYMethodLog.h in Headers */ = {isa = PBXBuildFile; fileRef = 4EF03957204AE2A200DB0097 /* ANYMethodLog.h */; };
		4EF0395A204AE2A200DB0097 /* ANYMethodLog.m in Sources */ = {isa = PBXBuildFile; fileRef = 4EF03959204AE2A200DB0097 /* ANYMethodLog.m */; };
		4EF0395C204AE2A200DB0097 /* MethodTrace.h in Headers */ = {isa = PBXBuildFile; fileRef = 4EF0395B204AE2A200DB0097 /* MethodTrace.h */; };
		4EF0395E204AE2A200DB0097 /* MethodTrace.m in Sources */ = {isa = PBXBuildFile; fileRef = 4EF0395D204AE2A200DB0097 /* MethodTrace.m */; };
		4EF03963204AE2A200DB0097 /* AntiAntiDebug.m in Sources */ = {isa = PBXBuildFile; fileRef = 4EF03962204AE2A200DB0097 /* AntiAntiDebug.m */; };
		4EF03966204AE2A200DB0097 /* fishhook.c in Sources */ = {isa = PBXBuildFile; fileRef = 4EF03965204AE2A200DB0097 /* fishhook.c */; };
		4EF03968204AE2A200DB0097 /* fishhook.h in Headers */ = {isa = PBXBuildFile; fileRef = 4EF03967204AE2A200DB0097 /* fishhook.h */; };
		4EF0396B204AE2A200DB0097 /* WeChat_TimeLine_Location_HookDylib.mm in Sources */ = {isa = PBXBuildFile; fileRef = 4EF0396A204AE2A200DB0097 /* WeChat_TimeLine_Location_HookDylib.mm */; };
		4EF0396D204AE2A200DB0097 /* WeChat_TimeLine_Location_HookDylib.h in Headers */ = {isa = PBXBuildFile; fileRef = 4EF0396C204AE2A200DB0097 /* WeChat_TimeLine_Location_HookDylib.h */; };
		4EF0396F204AE2A200DB0097 /* WeChat_TimeLine_Location_HookDylib.m in Sources */ = {isa = PBXBuildFile; fileRef = 4EF0396E204AE2A200DB0097 /* WeChat_TimeLine_Location_HookDylib.m */; };
/* End PBXBuildFile section */

/* Begin PBXContainerItemProxy section */
		4EF0394C204AE2A200DB0097 /* PBXContainerItemProxy */ = {
			isa = PBXContainerItemProxy;
			containerPortal = 4EF03931204AE2A200DB0097 /* Project object */;
			proxyType = 1;
			remoteGlobalIDString = 4EF03949204AE2A200DB0097;
			remoteInfo = WeChat_TimeLine_Location_HookDylib;
		};
/* End PBXContainerItemProxy section */

/* Begin PBXCopyFilesBuildPhase section */
		4EF03939204AE2A200DB0097 /* CopyFiles */ = {
			isa = PBXCopyFilesBuildPhase;
			buildActionMask = 2147483647;
			dstPath = "";
			dstSubfolderSpec = 10;
			files = (
				4EF0394B204AE2A200DB0097 /* libWeChat_TimeLine_Location_HookDylib.dylib in CopyFiles */,
			);
			runOnlyForDeploymentPostprocessing = 0;
		};
/* End PBXCopyFilesBuildPhase section */

/* Begin PBXFileReference section */
		4EF0393C204AE2A200DB0097 /* WeChat_TimeLine_Location_Hook.app */ = {isa = PBXFileReference; explicitFileType = wrapper.application; includeInIndex = 0; path = WeChat_TimeLine_Location_Hook.app; sourceTree = BUILT_PRODUCTS_DIR; };
		4EF0393F204AE2A200DB0097 /* MethodTraceConfig.plist */ = {isa = PBXFileReference; lastKnownFileType = text.plist.xml; path = MethodTraceConfig.plist; sourceTree = "<group>"; };
		4EF03942204AE2A200DB0097 /* put ipa or app here */ = {isa = PBXFileReference; lastKnownFileType = text; name = "put ipa or app here"; path = "TargetApp/put ipa or app here"; sourceTree = "<group>"; };
		4EF03944204AE2A200DB0097 /* Info.plist */ = {isa = PBXFileReference; lastKnownFileType = text.plist.xml; path = Info.plist; sourceTree = "<group>"; };
		4EF0394A204AE2A200DB0097 /* libWeChat_TimeLine_Location_HookDylib.dylib */ = {isa = PBXFileReference; explicitFileType = "compiled.mach-o.dylib"; includeInIndex = 0; path = libWeChat_TimeLine_Location_HookDylib.dylib; sourceTree = BUILT_PRODUCTS_DIR; };
		4EF0394F204AE2A200DB0097 /* JavaScriptCore.framework */ = {isa = PBXFileReference; lastKnownFileType = wrapper.framework; name = JavaScriptCore.framework; path = System/Library/Frameworks/JavaScriptCore.framework; sourceTree = SDKROOT; };
		4EF03951204AE2A200DB0097 /* Foundation.framework */ = {isa = PBXFileReference; lastKnownFileType = wrapper.framework; name = Foundation.framework; path = System/Library/Frameworks/Foundation.framework; sourceTree = SDKROOT; };
		4EF03953204AE2A200DB0097 /* UIKit.framework */ = {isa = PBXFileReference; lastKnownFileType = wrapper.framework; name = UIKit.framework; path = System/Library/Frameworks/UIKit.framework; sourceTree = SDKROOT; };
		4EF03957204AE2A200DB0097 /* ANYMethodLog.h */ = {isa = PBXFileReference; lastKnownFileType = sourcecode.c.h; name = ANYMethodLog.h; path = MethodTrace/ANYMethodLog.h; sourceTree = "<group>"; };
		4EF03959204AE2A200DB0097 /* ANYMethodLog.m */ = {isa = PBXFileReference; lastKnownFileType = sourcecode.c.objc; name = ANYMethodLog.m; path = MethodTrace/ANYMethodLog.m; sourceTree = "<group>"; };
		4EF0395B204AE2A200DB0097 /* MethodTrace.h */ = {isa = PBXFileReference; lastKnownFileType = sourcecode.c.h; name = MethodTrace.h; path = MethodTrace/MethodTrace.h; sourceTree = "<group>"; };
		4EF0395D204AE2A200DB0097 /* MethodTrace.m */ = {isa = PBXFileReference; lastKnownFileType = sourcecode.c.objc; name = MethodTrace.m; path = MethodTrace/MethodTrace.m; sourceTree = "<group>"; };
		4EF03960204AE2A200DB0097 /* WeChat_TimeLine_Location_HookDylib-Prefix.pch */ = {isa = PBXFileReference; lastKnownFileType = sourcecode.c.h; path = "WeChat_TimeLine_Location_HookDylib-Prefix.pch"; sourceTree = "<group>"; };
		4EF03962204AE2A200DB0097 /* AntiAntiDebug.m */ = {isa = PBXFileReference; lastKnownFileType = sourcecode.c.objc; name = AntiAntiDebug.m; path = AntiAntiDebug/AntiAntiDebug.m; sourceTree = "<group>"; };
		4EF03965204AE2A200DB0097 /* fishhook.c */ = {isa = PBXFileReference; lastKnownFileType = sourcecode.c.c; name = fishhook.c; path = fishhook/fishhook.c; sourceTree = "<group>"; };
		4EF03967204AE2A200DB0097 /* fishhook.h */ = {isa = PBXFileReference; lastKnownFileType = sourcecode.c.h; name = fishhook.h; path = fishhook/fishhook.h; sourceTree = "<group>"; };
		4EF03969204AE2A200DB0097 /* WeChat_TimeLine_Location_HookDylib.xm */ = {isa = PBXFileReference; lastKnownFileType = text; path = WeChat_TimeLine_Location_HookDylib.xm; sourceTree = "<group>"; };
		4EF0396A204AE2A200DB0097 /* WeChat_TimeLine_Location_HookDylib.mm */ = {isa = PBXFileReference; lastKnownFileType = sourcecode.cpp.objcpp; path = WeChat_TimeLine_Location_HookDylib.mm; sourceTree = "<group>"; };
		4EF0396C204AE2A200DB0097 /* WeChat_TimeLine_Location_HookDylib.h */ = {isa = PBXFileReference; lastKnownFileType = sourcecode.c.h; path = WeChat_TimeLine_Location_HookDylib.h; sourceTree = "<group>"; };
		4EF0396E204AE2A200DB0097 /* WeChat_TimeLine_Location_HookDylib.m */ = {isa = PBXFileReference; lastKnownFileType = sourcecode.c.objc; path = WeChat_TimeLine_Location_HookDylib.m; sourceTree = "<group>"; };
/* End PBXFileReference section */

/* Begin PBXFrameworksBuildPhase section */
		4EF03936204AE2A200DB0097 /* Frameworks */ = {
			isa = PBXFrameworksBuildPhase;
			buildActionMask = 2147483647;
			files = (
			);
			runOnlyForDeploymentPostprocessing = 0;
		};
		4EF03947204AE2A200DB0097 /* Frameworks */ = {
			isa = PBXFrameworksBuildPhase;
			buildActionMask = 2147483647;
			files = (
				4EF03950204AE2A200DB0097 /* JavaScriptCore.framework in Frameworks */,
				4EF03954204AE2A200DB0097 /* UIKit.framework in Frameworks */,
				4EF03952204AE2A200DB0097 /* Foundation.framework in Frameworks */,
			);
			runOnlyForDeploymentPostprocessing = 0;
		};
/* End PBXFrameworksBuildPhase section */

/* Begin PBXGroup section */
		4EF03930204AE2A200DB0097 = {
			isa = PBXGroup;
			children = (
				4EF0393E204AE2A200DB0097 /* WeChat_TimeLine_Location_Hook */,
				4EF03955204AE2A200DB0097 /* WeChat_TimeLine_Location_HookDylib */,
				4EF0394E204AE2A200DB0097 /* Frameworks */,
				4EF0393D204AE2A200DB0097 /* Products */,
			);
			sourceTree = "<group>";
		};
		4EF0393D204AE2A200DB0097 /* Products */ = {
			isa = PBXGroup;
			children = (
				4EF0393C204AE2A200DB0097 /* WeChat_TimeLine_Location_Hook.app */,
				4EF0394A204AE2A200DB0097 /* libWeChat_TimeLine_Location_HookDylib.dylib */,
			);
			name = Products;
			sourceTree = "<group>";
		};
		4EF0393E204AE2A200DB0097 /* WeChat_TimeLine_Location_Hook */ = {
			isa = PBXGroup;
			children = (
				4EF0393F204AE2A200DB0097 /* MethodTraceConfig.plist */,
				4EF03944204AE2A200DB0097 /* Info.plist */,
				4EF03941204AE2A200DB0097 /* TargetApp */,
			);
			path = WeChat_TimeLine_Location_Hook;
			sourceTree = "<group>";
		};
		4EF03941204AE2A200DB0097 /* TargetApp */ = {
			isa = PBXGroup;
			children = (
				4EF03942204AE2A200DB0097 /* put ipa or app here */,
			);
			name = TargetApp;
			sourceTree = "<group>";
		};
		4EF0394E204AE2A200DB0097 /* Frameworks */ = {
			isa = PBXGroup;
			children = (
				4EF0394F204AE2A200DB0097 /* JavaScriptCore.framework */,
				4EF03951204AE2A200DB0097 /* Foundation.framework */,
				4EF03953204AE2A200DB0097 /* UIKit.framework */,
			);
			name = Frameworks;
			sourceTree = "<group>";
		};
		4EF03955204AE2A200DB0097 /* WeChat_TimeLine_Location_HookDylib */ = {
			isa = PBXGroup;
			children = (
				4EF03969204AE2A200DB0097 /* WeChat_TimeLine_Location_HookDylib.xm */,
				4EF0396A204AE2A200DB0097 /* WeChat_TimeLine_Location_HookDylib.mm */,
				4EF0396C204AE2A200DB0097 /* WeChat_TimeLine_Location_HookDylib.h */,
				4EF0396E204AE2A200DB0097 /* WeChat_TimeLine_Location_HookDylib.m */,
				4EF03956204AE2A200DB0097 /* MethodTrace */,
				4EF03961204AE2A200DB0097 /* AntiAntiDebug */,
				4EF03964204AE2A200DB0097 /* fishhook */,
				4EF0395F204AE2A200DB0097 /* Supporting Files */,
			);
			path = WeChat_TimeLine_Location_HookDylib;
			sourceTree = "<group>";
		};
		4EF03956204AE2A200DB0097 /* MethodTrace */ = {
			isa = PBXGroup;
			children = (
				4EF03957204AE2A200DB0097 /* ANYMethodLog.h */,
				4EF03959204AE2A200DB0097 /* ANYMethodLog.m */,
				4EF0395B204AE2A200DB0097 /* MethodTrace.h */,
				4EF0395D204AE2A200DB0097 /* MethodTrace.m */,
			);
			name = MethodTrace;
			sourceTree = "<group>";
		};
		4EF0395F204AE2A200DB0097 /* Supporting Files */ = {
			isa = PBXGroup;
			children = (
				4EF03960204AE2A200DB0097 /* WeChat_TimeLine_Location_HookDylib-Prefix.pch */,
			);
			name = "Supporting Files";
			sourceTree = "<group>";
		};
		4EF03961204AE2A200DB0097 /* AntiAntiDebug */ = {
			isa = PBXGroup;
			children = (
				4EF03962204AE2A200DB0097 /* AntiAntiDebug.m */,
			);
			name = AntiAntiDebug;
			sourceTree = "<group>";
		};
		4EF03964204AE2A200DB0097 /* fishhook */ = {
			isa = PBXGroup;
			children = (
				4EF03965204AE2A200DB0097 /* fishhook.c */,
				4EF03967204AE2A200DB0097 /* fishhook.h */,
			);
			name = fishhook;
			sourceTree = "<group>";
		};
/* End PBXGroup section */

/* Begin PBXHeadersBuildPhase section */
		4EF03948204AE2A200DB0097 /* Headers */ = {
			isa = PBXHeadersBuildPhase;
			buildActionMask = 2147483647;
			files = (
				4EF0396D204AE2A200DB0097 /* WeChat_TimeLine_Location_HookDylib.h in Headers */,
				4EF03958204AE2A200DB0097 /* ANYMethodLog.h in Headers */,
				4EF0395C204AE2A200DB0097 /* MethodTrace.h in Headers */,
				4EF03968204AE2A200DB0097 /* fishhook.h in Headers */,
			);
			runOnlyForDeploymentPostprocessing = 0;
		};
/* End PBXHeadersBuildPhase section */

/* Begin PBXNativeTarget section */
		4EF0393B204AE2A200DB0097 /* WeChat_TimeLine_Location_Hook */ = {
			isa = PBXNativeTarget;
			buildConfigurationList = 4EF03975204AE2A200DB0097 /* Build configuration list for PBXNativeTarget "WeChat_TimeLine_Location_Hook" */;
			buildPhases = (
				4EF03935204AE2A200DB0097 /* Sources */,
				4EF03936204AE2A200DB0097 /* Frameworks */,
				4EF03937204AE2A200DB0097 /* ShellScript */,
				4EF03938204AE2A200DB0097 /* Resources */,
				4EF03939204AE2A200DB0097 /* CopyFiles */,
				4EF0393A204AE2A200DB0097 /* ShellScript */,
			);
			buildRules = (
			);
			dependencies = (
				4EF0394D204AE2A200DB0097 /* PBXTargetDependency */,
			);
			name = WeChat_TimeLine_Location_Hook;
			productName = WeChat_TimeLine_Location_Hook;
			productReference = 4EF0393C204AE2A200DB0097 /* WeChat_TimeLine_Location_Hook.app */;
			productType = "com.apple.product-type.application";
		};
		4EF03949204AE2A200DB0097 /* WeChat_TimeLine_Location_HookDylib */ = {
			isa = PBXNativeTarget;
			buildConfigurationList = 4EF03972204AE2A200DB0097 /* Build configuration list for PBXNativeTarget "WeChat_TimeLine_Location_HookDylib" */;
			buildPhases = (
				4EF03945204AE2A200DB0097 /* ShellScript */,
				4EF03946204AE2A200DB0097 /* Sources */,
				4EF03947204AE2A200DB0097 /* Frameworks */,
				4EF03948204AE2A200DB0097 /* Headers */,
			);
			buildRules = (
			);
			dependencies = (
			);
			name = WeChat_TimeLine_Location_HookDylib;
			productName = WeChat_TimeLine_Location_HookDylib;
			productReference = 4EF0394A204AE2A200DB0097 /* libWeChat_TimeLine_Location_HookDylib.dylib */;
			productType = "com.apple.product-type.library.dynamic";
		};
/* End PBXNativeTarget section */

/* Begin PBXProject section */
		4EF03931204AE2A200DB0097 /* Project object */ = {
			isa = PBXProject;
			attributes = {
				LastUpgradeCheck = 0920;
				ORGANIZATIONNAME = albus;
				TargetAttributes = {
					4EF0393B204AE2A200DB0097 = {
						CreatedOnToolsVersion = 9.2;
						ProvisioningStyle = Automatic;
					};
					4EF03949204AE2A200DB0097 = {
						CreatedOnToolsVersion = 9.2;
						ProvisioningStyle = Automatic;
					};
				};
			};
			buildConfigurationList = 4EF03934204AE2A200DB0097 /* Build configuration list for PBXProject "WeChat_TimeLine_Location_Hook" */;
			compatibilityVersion = "Xcode 8.0";
			developmentRegion = en;
			hasScannedForEncodings = 0;
			knownRegions = (
				en,
			);
			mainGroup = 4EF03930204AE2A200DB0097;
			productRefGroup = 4EF0393D204AE2A200DB0097 /* Products */;
			projectDirPath = "";
			projectRoot = "";
			targets = (
				4EF0393B204AE2A200DB0097 /* WeChat_TimeLine_Location_Hook */,
				4EF03949204AE2A200DB0097 /* WeChat_TimeLine_Location_HookDylib */,
			);
		};
/* End PBXProject section */

/* Begin PBXResourcesBuildPhase section */
		4EF03938204AE2A200DB0097 /* Resources */ = {
			isa = PBXResourcesBuildPhase;
			buildActionMask = 2147483647;
			files = (
				4EF03943204AE2A200DB0097 /* put ipa or app here in Resources */,
				4EF03940204AE2A200DB0097 /* MethodTraceConfig.plist in Resources */,
			);
			runOnlyForDeploymentPostprocessing = 0;
		};
/* End PBXResourcesBuildPhase section */

/* Begin PBXShellScriptBuildPhase section */
		4EF03937204AE2A200DB0097 /* ShellScript */ = {
			isa = PBXShellScriptBuildPhase;
			buildActionMask = 2147483647;
			files = (
			);
			inputPaths = (
			);
			outputPaths = (
			);
			runOnlyForDeploymentPostprocessing = 0;
			shellPath = /bin/sh;
			shellScript = /opt/MonkeyDev/Tools/pack.sh;
		};
		4EF0393A204AE2A200DB0097 /* ShellScript */ = {
			isa = PBXShellScriptBuildPhase;
			buildActionMask = 2147483647;
			files = (
			);
			inputPaths = (
			);
			outputPaths = (
			);
			runOnlyForDeploymentPostprocessing = 0;
			shellPath = /bin/sh;
			shellScript = "/opt/MonkeyDev/Tools/pack.sh codesign";
		};
		4EF03945204AE2A200DB0097 /* ShellScript */ = {
			isa = PBXShellScriptBuildPhase;
			buildActionMask = 2147483647;
			files = (
			);
			inputPaths = (
			);
			outputPaths = (
			);
			runOnlyForDeploymentPostprocessing = 0;
			shellPath = /bin/sh;
			shellScript = "/opt/MonkeyDev/bin/md --xcbp-logos";
		};
/* End PBXShellScriptBuildPhase section */

/* Begin PBXSourcesBuildPhase section */
		4EF03935204AE2A200DB0097 /* Sources */ = {
			isa = PBXSourcesBuildPhase;
			buildActionMask = 2147483647;
			files = (
			);
			runOnlyForDeploymentPostprocessing = 0;
		};
		4EF03946204AE2A200DB0097 /* Sources */ = {
			isa = PBXSourcesBuildPhase;
			buildActionMask = 2147483647;
			files = (
				4EF03963204AE2A200DB0097 /* AntiAntiDebug.m in Sources */,
				4EF0396F204AE2A200DB0097 /* WeChat_TimeLine_Location_HookDylib.m in Sources */,
				4EF0396B204AE2A200DB0097 /* WeChat_TimeLine_Location_HookDylib.mm in Sources */,
				4EF0395E204AE2A200DB0097 /* MethodTrace.m in Sources */,
				4EF03966204AE2A200DB0097 /* fishhook.c in Sources */,
				4EF0395A204AE2A200DB0097 /* ANYMethodLog.m in Sources */,
			);
			runOnlyForDeploymentPostprocessing = 0;
		};
/* End PBXSourcesBuildPhase section */

/* Begin PBXTargetDependency section */
		4EF0394D204AE2A200DB0097 /* PBXTargetDependency */ = {
			isa = PBXTargetDependency;
			target = 4EF03949204AE2A200DB0097 /* WeChat_TimeLine_Location_HookDylib */;
			targetProxy = 4EF0394C204AE2A200DB0097 /* PBXContainerItemProxy */;
		};
/* End PBXTargetDependency section */

/* Begin XCBuildConfiguration section */
		4EF03970204AE2A200DB0097 /* Debug */ = {
			isa = XCBuildConfiguration;
			buildSettings = {
				ALWAYS_SEARCH_USER_PATHS = NO;
				CLANG_ANALYZER_NONNULL = YES;
				CLANG_ANALYZER_NUMBER_OBJECT_CONVERSION = YES_AGGRESSIVE;
				CLANG_CXX_LANGUAGE_STANDARD = "gnu++14";
				CLANG_CXX_LIBRARY = "libc++";
				CLANG_ENABLE_MODULES = YES;
				CLANG_ENABLE_OBJC_ARC = YES;
				CLANG_WARN_BLOCK_CAPTURE_AUTORELEASING = YES;
				CLANG_WARN_BOOL_CONVERSION = YES;
				CLANG_WARN_COMMA = YES;
				CLANG_WARN_CONSTANT_CONVERSION = YES;
				CLANG_WARN_DIRECT_OBJC_ISA_USAGE = YES_ERROR;
				CLANG_WARN_DOCUMENTATION_COMMENTS = YES;
				CLANG_WARN_EMPTY_BODY = YES;
				CLANG_WARN_ENUM_CONVERSION = YES;
				CLANG_WARN_INFINITE_RECURSION = YES;
				CLANG_WARN_INT_CONVERSION = YES;
				CLANG_WARN_NON_LITERAL_NULL_CONVERSION = YES;
				CLANG_WARN_OBJC_LITERAL_CONVERSION = YES;
				CLANG_WARN_OBJC_ROOT_CLASS = YES_ERROR;
				CLANG_WARN_RANGE_LOOP_ANALYSIS = YES;
				CLANG_WARN_STRICT_PROTOTYPES = YES;
				CLANG_WARN_SUSPICIOUS_MOVE = YES;
				CLANG_WARN_UNGUARDED_AVAILABILITY = YES_AGGRESSIVE;
				CLANG_WARN_UNREACHABLE_CODE = YES;
				CLANG_WARN__DUPLICATE_METHOD_MATCH = YES;
				CODE_SIGN_IDENTITY = "iPhone Developer";
				COPY_PHASE_STRIP = NO;
				DEBUG_INFORMATION_FORMAT = dwarf;
				ENABLE_STRICT_OBJC_MSGSEND = YES;
				ENABLE_TESTABILITY = YES;
				GCC_C_LANGUAGE_STANDARD = gnu11;
				GCC_DYNAMIC_NO_PIC = NO;
				GCC_NO_COMMON_BLOCKS = YES;
				GCC_OPTIMIZATION_LEVEL = 0;
				GCC_PREPROCESSOR_DEFINITIONS = (
					"DEBUG=1",
					"$(inherited)",
				);
				GCC_WARN_64_TO_32_BIT_CONVERSION = YES;
				GCC_WARN_ABOUT_RETURN_TYPE = YES_ERROR;
				GCC_WARN_UNDECLARED_SELECTOR = YES;
				GCC_WARN_UNINITIALIZED_AUTOS = YES_AGGRESSIVE;
				GCC_WARN_UNUSED_FUNCTION = YES;
				GCC_WARN_UNUSED_VARIABLE = YES;
				IPHONEOS_DEPLOYMENT_TARGET = 8.0;
				MTL_ENABLE_DEBUG_INFO = YES;
				ONLY_ACTIVE_ARCH = YES;
				SDKROOT = iphoneos;
			};
			name = Debug;
		};
		4EF03971204AE2A200DB0097 /* Release */ = {
			isa = XCBuildConfiguration;
			buildSettings = {
				ALWAYS_SEARCH_USER_PATHS = NO;
				CLANG_ANALYZER_NONNULL = YES;
				CLANG_ANALYZER_NUMBER_OBJECT_CONVERSION = YES_AGGRESSIVE;
				CLANG_CXX_LANGUAGE_STANDARD = "gnu++14";
				CLANG_CXX_LIBRARY = "libc++";
				CLANG_ENABLE_MODULES = YES;
				CLANG_ENABLE_OBJC_ARC = YES;
				CLANG_WARN_BLOCK_CAPTURE_AUTORELEASING = YES;
				CLANG_WARN_BOOL_CONVERSION = YES;
				CLANG_WARN_COMMA = YES;
				CLANG_WARN_CONSTANT_CONVERSION = YES;
				CLANG_WARN_DIRECT_OBJC_ISA_USAGE = YES_ERROR;
				CLANG_WARN_DOCUMENTATION_COMMENTS = YES;
				CLANG_WARN_EMPTY_BODY = YES;
				CLANG_WARN_ENUM_CONVERSION = YES;
				CLANG_WARN_INFINITE_RECURSION = YES;
				CLANG_WARN_INT_CONVERSION = YES;
				CLANG_WARN_NON_LITERAL_NULL_CONVERSION = YES;
				CLANG_WARN_OBJC_LITERAL_CONVERSION = YES;
				CLANG_WARN_OBJC_ROOT_CLASS = YES_ERROR;
				CLANG_WARN_RANGE_LOOP_ANALYSIS = YES;
				CLANG_WARN_STRICT_PROTOTYPES = YES;
				CLANG_WARN_SUSPICIOUS_MOVE = YES;
				CLANG_WARN_UNGUARDED_AVAILABILITY = YES_AGGRESSIVE;
				CLANG_WARN_UNREACHABLE_CODE = YES;
				CLANG_WARN__DUPLICATE_METHOD_MATCH = YES;
				CODE_SIGN_IDENTITY = "iPhone Developer";
				COPY_PHASE_STRIP = NO;
				DEBUG_INFORMATION_FORMAT = "dwarf-with-dsym";
				ENABLE_NS_ASSERTIONS = NO;
				ENABLE_STRICT_OBJC_MSGSEND = YES;
				GCC_C_LANGUAGE_STANDARD = gnu11;
				GCC_NO_COMMON_BLOCKS = YES;
				GCC_WARN_64_TO_32_BIT_CONVERSION = YES;
				GCC_WARN_ABOUT_RETURN_TYPE = YES_ERROR;
				GCC_WARN_UNDECLARED_SELECTOR = YES;
				GCC_WARN_UNINITIALIZED_AUTOS = YES_AGGRESSIVE;
				GCC_WARN_UNUSED_FUNCTION = YES;
				GCC_WARN_UNUSED_VARIABLE = YES;
				IPHONEOS_DEPLOYMENT_TARGET = 8.0;
				MTL_ENABLE_DEBUG_INFO = NO;
				SDKROOT = iphoneos;
				VALIDATE_PRODUCT = YES;
			};
			name = Release;
		};
		4EF03973204AE2A200DB0097 /* Debug */ = {
			isa = XCBuildConfiguration;
			buildSettings = {
				CODE_SIGN_STYLE = Automatic;
				DEVELOPMENT_TEAM = 3V8FHH37PP;
				DYLIB_COMPATIBILITY_VERSION = 1;
				DYLIB_CURRENT_VERSION = 1;
				ENABLE_BITCODE = NO;
				EXCLUDED_RECURSIVE_SEARCH_PATH_SUBDIRECTORIES = "*.nib *.lproj *.gch (*) .DS_Store CVS .svn .git .hg *.xcodeproj *.xcode *.pbproj *.pbxproj";
				EXECUTABLE_PREFIX = lib;
				FRAMEWORK_SEARCH_PATHS = (
					"$(inherited)",
					"$(MonkeyDevPath)/Frameworks/**",
					"$(MonkeyDevPath)/Librarys/**",
					"$(MonkeyDevTheosPath)/vendor/lib",
				);
				GCC_C_LANGUAGE_STANDARD = gnu99;
				GCC_PRECOMPILE_PREFIX_HEADER = YES;
				GCC_PREFIX_HEADER = "WeChat_TimeLine_Location_HookDylib/WeChat_TimeLine_Location_HookDylib-Prefix.pch";
				GCC_SYMBOLS_PRIVATE_EXTERN = NO;
				GCC_WARN_ABOUT_MISSING_PROTOTYPES = YES;
				GCC_WARN_ABOUT_RETURN_TYPE = YES;
				HEADER_SEARCH_PATHS = (
					"$(inherited)",
					"$(MonkeyDevPath)/include",
					"$(MonkeyDevTheosPath)/vendor/include/**",
				);
				INSTALL_PATH = "@executable_path/Frameworks/libWeChat_TimeLine_Location_HookDylib.dylib";
				LD_RUNPATH_SEARCH_PATHS = "$(inherited) @executable_path/Frameworks";
				LIBRARY_SEARCH_PATHS = (
					"$(inherited)",
					"$(MonkeyDevPath)/Frameworks",
					"$(MonkeyDevTheosPath)/vendor/lib/**",
				);
				MonkeyDevPath = /opt/MonkeyDev;
				MonkeyDevTheosPath = /opt/theos;
				OTHER_CFLAGS = (
					"$(inherited)",
					"-DTHEOS_INSTANCE_NAME=\"\\\"WeChat_TimeLine_Location_HookDylib\\\"\"",
				);
				OTHER_LDFLAGS = (
					"$(inherited)",
					"-weak_library",
					"/usr/lib/libc++.dylib",
					"-weak_library",
					"/usr/lib/libstdc++.dylib",
					"-lsubstrate",
					"-framework",
					Cycript,
					"-framework",
					RevealServer,
				);
				PRODUCT_NAME = "$(TARGET_NAME)";
				TARGETED_DEVICE_FAMILY = "1,2";
				VALIDATE_PRODUCT = NO;
			};
			name = Debug;
		};
		4EF03974204AE2A200DB0097 /* Release */ = {
			isa = XCBuildConfiguration;
			buildSettings = {
				CODE_SIGN_STYLE = Automatic;
				COPY_PHASE_STRIP = YES;
				DEVELOPMENT_TEAM = 3V8FHH37PP;
				DYLIB_COMPATIBILITY_VERSION = 1;
				DYLIB_CURRENT_VERSION = 1;
				ENABLE_BITCODE = NO;
				EXCLUDED_RECURSIVE_SEARCH_PATH_SUBDIRECTORIES = "*.nib *.lproj *.gch (*) .DS_Store CVS .svn .git .hg *.xcodeproj *.xcode *.pbproj *.pbxproj";
				EXECUTABLE_PREFIX = lib;
				FRAMEWORK_SEARCH_PATHS = (
					"$(inherited)",
					"$(MonkeyDevPath)/Frameworks/**",
					"$(MonkeyDevPath)/Librarys/**",
					"$(MonkeyDevTheosPath)/vendor/lib",
				);
				GCC_C_LANGUAGE_STANDARD = gnu99;
				GCC_PRECOMPILE_PREFIX_HEADER = YES;
				GCC_PREFIX_HEADER = "WeChat_TimeLine_Location_HookDylib/WeChat_TimeLine_Location_HookDylib-Prefix.pch";
				GCC_WARN_ABOUT_MISSING_PROTOTYPES = YES;
				GCC_WARN_ABOUT_RETURN_TYPE = YES;
				HEADER_SEARCH_PATHS = (
					"$(inherited)",
					"$(MonkeyDevPath)/include",
					"$(MonkeyDevTheosPath)/vendor/include/**",
				);
				INSTALL_PATH = "@executable_path/Frameworks/libWeChat_TimeLine_Location_HookDylib.dylib";
				LD_RUNPATH_SEARCH_PATHS = "$(inherited) @executable_path/Frameworks";
				LIBRARY_SEARCH_PATHS = (
					"$(inherited)",
					"$(MonkeyDevPath)/Frameworks",
					"$(MonkeyDevTheosPath)/vendor/lib/**",
				);
				MonkeyDevPath = /opt/MonkeyDev;
				MonkeyDevTheosPath = /opt/theos;
				OTHER_CFLAGS = (
					"$(inherited)",
					"-DTHEOS_INSTANCE_NAME=\"\\\"WeChat_TimeLine_Location_HookDylib\\\"\"",
				);
				OTHER_LDFLAGS = (
					"$(inherited)",
					"-weak_library",
					"/usr/lib/libc++.dylib",
					"-weak_library",
					"/usr/lib/libstdc++.dylib",
					"-lsubstrate",
				);
				PRODUCT_NAME = "$(TARGET_NAME)";
				TARGETED_DEVICE_FAMILY = "1,2";
			};
			name = Release;
		};
		4EF03976204AE2A200DB0097 /* Debug */ = {
			isa = XCBuildConfiguration;
			buildSettings = {
				CODE_SIGN_STYLE = Automatic;
				DEVELOPMENT_TEAM = 3V8FHH37PP;
				ENABLE_BITCODE = NO;
				INFOPLIST_FILE = WeChat_TimeLine_Location_Hook/Info.plist;
				MONKEYDEV_CLASS_DUMP = NO;
				MONKEYDEV_RESTORE_SYMBOL = NO;
				PODS_CONFIGURATION_BUILD_DIR = "$BUILD_DIR/$(CONFIGURATION)$(EFFECTIVE_PLATFORM_NAME)";
				PODS_ROOT = "${SRCROOT}/Pods";
				PRODUCT_BUNDLE_IDENTIFIER = "com.EagleAs.WeChat-TimeLine-Location-Hook";
				PRODUCT_NAME = "$(TARGET_NAME)";
				TARGETED_DEVICE_FAMILY = "1,2";
			};
			name = Debug;
		};
		4EF03977204AE2A200DB0097 /* Release */ = {
			isa = XCBuildConfiguration;
			buildSettings = {
				CODE_SIGN_STYLE = Automatic;
				DEVELOPMENT_TEAM = 3V8FHH37PP;
				ENABLE_BITCODE = NO;
				INFOPLIST_FILE = WeChat_TimeLine_Location_Hook/Info.plist;
				MONKEYDEV_CLASS_DUMP = NO;
				MONKEYDEV_RESTORE_SYMBOL = NO;
				PODS_CONFIGURATION_BUILD_DIR = "$BUILD_DIR/$(CONFIGURATION)$(EFFECTIVE_PLATFORM_NAME)";
				PODS_ROOT = "${SRCROOT}/Pods";
				PRODUCT_BUNDLE_IDENTIFIER = "com.EagleAs.WeChat-TimeLine-Location-Hook";
				PRODUCT_NAME = "$(TARGET_NAME)";
				TARGETED_DEVICE_FAMILY = "1,2";
			};
			name = Release;
		};
/* End XCBuildConfiguration section */

/* Begin XCConfigurationList section */
		4EF03934204AE2A200DB0097 /* Build configuration list for PBXProject "WeChat_TimeLine_Location_Hook" */ = {
			isa = XCConfigurationList;
			buildConfigurations = (
				4EF03970204AE2A200DB0097 /* Debug */,
				4EF03971204AE2A200DB0097 /* Release */,
			);
			defaultConfigurationIsVisible = 0;
			defaultConfigurationName = Release;
		};
		4EF03972204AE2A200DB0097 /* Build configuration list for PBXNativeTarget "WeChat_TimeLine_Location_HookDylib" */ = {
			isa = XCConfigurationList;
			buildConfigurations = (
				4EF03973204AE2A200DB0097 /* Debug */,
				4EF03974204AE2A200DB0097 /* Release */,
			);
			defaultConfigurationIsVisible = 0;
			defaultConfigurationName = Release;
		};
		4EF03975204AE2A200DB0097 /* Build configuration list for PBXNativeTarget "WeChat_TimeLine_Location_Hook" */ = {
			isa = XCConfigurationList;
			buildConfigurations = (
				4EF03976204AE2A200DB0097 /* Debug */,
				4EF03977204AE2A200DB0097 /* Release */,
			);
			defaultConfigurationIsVisible = 0;
			defaultConfigurationName = Release;
		};
/* End XCConfigurationList section */
	};
	rootObject = 4EF03931204AE2A200DB0097 /* Project object */;
}
